
Microsoft Visual Studio Solution File, Format Version 12.00
# Visual Studio Version 17
VisualStudioVersion = 17.0.31903.59
MinimumVisualStudioVersion = 10.0.40219.1
Project("{FAE04EC0-301F-11D3-BF4B-00C04F79EFBC}") = "StoreApp", "StoreApp\StoreApp.csproj", "{6BAD80A9-8E23-4B43-A114-6399C0314C2D}"
EndProject
Project("{FAE04EC0-301F-11D3-BF4B-00C04F79EFBC}") = "Entities", "Entities\Entities.csproj", "{6F9E3079-1682-44CA-BDEA-DE2BAEEB9B1B}"
EndProject
Project("{FAE04EC0-301F-11D3-BF4B-00C04F79EFBC}") = "Repositories", "Repositories\Repositories.csproj", "{15A5882C-0D54-4391-8801-36B870F287E1}"
EndProject
Project("{FAE04EC0-301F-11D3-BF4B-00C04F79EFBC}") = "Services", "Services\Services.csproj", "{90F8E821-CC39-4B9A-B968-8B20F86378B1}"
EndProject
Global
	GlobalSection(SolutionConfigurationPlatforms) = preSolution
		Debug|Any CPU = Debug|Any CPU
		Release|Any CPU = Release|Any CPU
	EndGlobalSection
	GlobalSection(SolutionProperties) = preSolution
		HideSolutionNode = FALSE
	EndGlobalSection
	GlobalSection(ProjectConfigurationPlatforms) = postSolution
		{6BAD80A9-8E23-4B43-A114-6399C0314C2D}.Debug|Any CPU.ActiveCfg = Debug|Any CPU
		{6BAD80A9-8E23-4B43-A114-6399C0314C2D}.Debug|Any CPU.Build.0 = Debug|Any CPU
		{6BAD80A9-8E23-4B43-A114-6399C0314C2D}.Release|Any CPU.ActiveCfg = Release|Any CPU
		{6BAD80A9-8E23-4B43-A114-6399C0314C2D}.Release|Any CPU.Build.0 = Release|Any CPU
		{6F9E3079-1682-44CA-BDEA-DE2BAEEB9B1B}.Debug|Any CPU.ActiveCfg = Debug|Any CPU
		{6F9E3079-1682-44CA-BDEA-DE2BAEEB9B1B}.Debug|Any CPU.Build.0 = Debug|Any CPU
		{6F9E3079-1682-44CA-BDEA-DE2BAEEB9B1B}.Release|Any CPU.ActiveCfg = Release|Any CPU
		{6F9E3079-1682-44CA-BDEA-DE2BAEEB9B1B}.Release|Any CPU.Build.0 = Release|Any CPU
		{15A5882C-0D54-4391-8801-36B870F287E1}.Debug|Any CPU.ActiveCfg = Debug|Any CPU
		{15A5882C-0D54-4391-8801-36B870F287E1}.Debug|Any CPU.Build.0 = Debug|Any CPU
		{15A5882C-0D54-4391-8801-36B870F287E1}.Release|Any CPU.ActiveCfg = Release|Any CPU
		{15A5882C-0D54-4391-8801-36B870F287E1}.Release|Any CPU.Build.0 = Release|Any CPU
		{90F8E821-CC39-4B9A-B968-8B20F86378B1}.Debug|Any CPU.ActiveCfg = Debug|Any CPU
		{90F8E821-CC39-4B9A-B968-8B20F86378B1}.Debug|Any CPU.Build.0 = Debug|Any CPU
		{90F8E821-CC39-4B9A-B968-8B20F86378B1}.Release|Any CPU.ActiveCfg = Release|Any CPU
		{90F8E821-CC39-4B9A-B968-8B20F86378B1}.Release|Any CPU.Build.0 = Release|Any CPU
	EndGlobalSection
EndGlobal
