
Microsoft Visual Studio Solution File, Format Version 12.00
# Visual Studio Version 17
VisualStudioVersion = 17.5.002.0
MinimumVisualStudioVersion = 10.0.40219.1
Project("{9A19103F-16F7-4668-BE54-9A1E7A4F7556}") = "StoreApp", "StoreApp.csproj", "{82B62244-16B6-4378-99B5-B17239A0DD81}"
EndProject
Global
	GlobalSection(SolutionConfigurationPlatforms) = preSolution
		Debug|Any CPU = Debug|Any CPU
		Release|Any CPU = Release|Any CPU
	EndGlobalSection
	GlobalSection(ProjectConfigurationPlatforms) = postSolution
		{82B62244-16B6-4378-99B5-B17239A0DD81}.Debug|Any CPU.ActiveCfg = Debug|Any CPU
		{82B62244-16B6-4378-99B5-B17239A0DD81}.Debug|Any CPU.Build.0 = Debug|Any CPU
		{82B62244-16B6-4378-99B5-B17239A0DD81}.Release|Any CPU.ActiveCfg = Release|Any CPU
		{82B62244-16B6-4378-99B5-B17239A0DD81}.Release|Any CPU.Build.0 = Release|Any CPU
	EndGlobalSection
	GlobalSection(SolutionProperties) = preSolution
		HideSolutionNode = FALSE
	EndGlobalSection
	GlobalSection(ExtensibilityGlobals) = postSolution
		SolutionGuid = {81629D47-A446-41C1-A28F-3796C4C9B4BC}
	EndGlobalSection
EndGlobal
